
Microsoft Visual Studio Solution File, Format Version 12.00
# Visual Studio Version 17
VisualStudioVersion = 17.11.35219.272
MinimumVisualStudioVersion = 10.0.40219.1
Project("{9A19103F-16F7-4668-BE54-9A1E7A4F7556}") = "ScientificCalculator", "ScientificCalculator\ScientificCalculator.csproj", "{81B783BA-E1FB-496C-BE29-EC7450ABC9A7}"
EndProject
Project("{9A19103F-16F7-4668-BE54-9A1E7A4F7556}") = "CalculatorLibrary", "CalculatorLibrary\CalculatorLibrary.csproj", "{41C086C4-0EC7-4E2B-8E14-258EAFABF759}"
EndProject
Project("{9A19103F-16F7-4668-BE54-9A1E7A4F7556}") = "CalculatorLibraryTest", "CalculatorLibraryTest\CalculatorLibraryTest.csproj", "{6FF007F7-7ADD-43DD-A0F8-7F261D1C40E2}"
EndProject
Project("{2150E333-8FDC-42A3-9474-1A3956D46DE8}") = "Releases", "Releases", "{EFE050D1-0A97-42CE-9B2A-52A3A4C84DFF}"
	ProjectSection(SolutionItems) = preProject
		cicd-setup.yml = cicd-setup.yml
	EndProjectSection
EndProject
Global
	GlobalSection(SolutionConfigurationPlatforms) = preSolution
		Debug|Any CPU = Debug|Any CPU
		Debug|x86 = Debug|x86
		Release|Any CPU = Release|Any CPU
		Release|x86 = Release|x86
	EndGlobalSection
	GlobalSection(ProjectConfigurationPlatforms) = postSolution
		{81B783BA-E1FB-496C-BE29-EC7450ABC9A7}.Debug|Any CPU.ActiveCfg = Debug|Any CPU
		{81B783BA-E1FB-496C-BE29-EC7450ABC9A7}.Debug|Any CPU.Build.0 = Debug|Any CPU
		{81B783BA-E1FB-496C-BE29-EC7450ABC9A7}.Debug|x86.ActiveCfg = Debug|Any CPU
		{81B783BA-E1FB-496C-BE29-EC7450ABC9A7}.Debug|x86.Build.0 = Debug|Any CPU
		{81B783BA-E1FB-496C-BE29-EC7450ABC9A7}.Release|Any CPU.ActiveCfg = Release|Any CPU
		{81B783BA-E1FB-496C-BE29-EC7450ABC9A7}.Release|Any CPU.Build.0 = Release|Any CPU
		{81B783BA-E1FB-496C-BE29-EC7450ABC9A7}.Release|x86.ActiveCfg = Release|Any CPU
		{81B783BA-E1FB-496C-BE29-EC7450ABC9A7}.Release|x86.Build.0 = Release|Any CPU
		{41C086C4-0EC7-4E2B-8E14-258EAFABF759}.Debug|Any CPU.ActiveCfg = Debug|Any CPU
		{41C086C4-0EC7-4E2B-8E14-258EAFABF759}.Debug|Any CPU.Build.0 = Debug|Any CPU
		{41C086C4-0EC7-4E2B-8E14-258EAFABF759}.Debug|x86.ActiveCfg = Debug|Any CPU
		{41C086C4-0EC7-4E2B-8E14-258EAFABF759}.Debug|x86.Build.0 = Debug|Any CPU
		{41C086C4-0EC7-4E2B-8E14-258EAFABF759}.Release|Any CPU.ActiveCfg = Release|Any CPU
		{41C086C4-0EC7-4E2B-8E14-258EAFABF759}.Release|Any CPU.Build.0 = Release|Any CPU
		{41C086C4-0EC7-4E2B-8E14-258EAFABF759}.Release|x86.ActiveCfg = Release|Any CPU
		{41C086C4-0EC7-4E2B-8E14-258EAFABF759}.Release|x86.Build.0 = Release|Any CPU
		{6FF007F7-7ADD-43DD-A0F8-7F261D1C40E2}.Debug|Any CPU.ActiveCfg = Debug|Any CPU
		{6FF007F7-7ADD-43DD-A0F8-7F261D1C40E2}.Debug|Any CPU.Build.0 = Debug|Any CPU
		{6FF007F7-7ADD-43DD-A0F8-7F261D1C40E2}.Debug|x86.ActiveCfg = Debug|Any CPU
		{6FF007F7-7ADD-43DD-A0F8-7F261D1C40E2}.Debug|x86.Build.0 = Debug|Any CPU
		{6FF007F7-7ADD-43DD-A0F8-7F261D1C40E2}.Release|Any CPU.ActiveCfg = Release|Any CPU
		{6FF007F7-7ADD-43DD-A0F8-7F261D1C40E2}.Release|Any CPU.Build.0 = Release|Any CPU
		{6FF007F7-7ADD-43DD-A0F8-7F261D1C40E2}.Release|x86.ActiveCfg = Release|Any CPU
		{6FF007F7-7ADD-43DD-A0F8-7F261D1C40E2}.Release|x86.Build.0 = Release|Any CPU
	EndGlobalSection
	GlobalSection(SolutionProperties) = preSolution
		HideSolutionNode = FALSE
	EndGlobalSection
	GlobalSection(ExtensibilityGlobals) = postSolution
		SolutionGuid = {8138A23C-929B-4322-BDE7-ECE5570D5291}
	EndGlobalSection
EndGlobal
